Microsoft Visual Studio Solution File, Format Version 12.00
# Visual Studio 2012
Project("{FAE04EC0-301F-11D3-BF4B-00C04F79EFBC}") = "Iode", "Iode.csproj", "{4C83D449-E05E-42FD-82B5-5ACA87FF739B}"
EndProject
Global
	GlobalSection(SolutionConfigurationPlatforms) = preSolution
	Debug|Any CPU = Debug|Any CPU
	ExportDebug|Any CPU = ExportDebug|Any CPU
	ExportRelease|Any CPU = ExportRelease|Any CPU
	EndGlobalSection
	GlobalSection(ProjectConfigurationPlatforms) = postSolution
		{4C83D449-E05E-42FD-82B5-5ACA87FF739B}.Debug|Any CPU.ActiveCfg = Debug|Any CPU
		{4C83D449-E05E-42FD-82B5-5ACA87FF739B}.Debug|Any CPU.Build.0 = Debug|Any CPU
		{4C83D449-E05E-42FD-82B5-5ACA87FF739B}.ExportDebug|Any CPU.ActiveCfg = ExportDebug|Any CPU
		{4C83D449-E05E-42FD-82B5-5ACA87FF739B}.ExportDebug|Any CPU.Build.0 = ExportDebug|Any CPU
		{4C83D449-E05E-42FD-82B5-5ACA87FF739B}.ExportRelease|Any CPU.ActiveCfg = ExportRelease|Any CPU
		{4C83D449-E05E-42FD-82B5-5ACA87FF739B}.ExportRelease|Any CPU.Build.0 = ExportRelease|Any CPU
	EndGlobalSection
EndGlobal
